
Microsoft Visual Studio Solution File, Format Version 12.00
# Visual Studio 15
VisualStudioVersion = 15.0.27130.2020
MinimumVisualStudioVersion = 10.0.40219.1
Project("{FAE04EC0-301F-11D3-BF4B-00C04F79EFBC}") = "Spider_HUPU", "Spiders\Spider_HUPU.csproj", "{0038AD1F-66B6-4C7F-861D-B00E79193F8D}"
EndProject
Project("{FAE04EC0-301F-11D3-BF4B-00C04F79EFBC}") = "Spider_ZHIHU", "Spider_ZHIHU\Spider_ZHIHU.csproj", "{5F1BC5E1-4F05-469E-9D65-9D59822EC7CD}"
EndProject
Project("{FAE04EC0-301F-11D3-BF4B-00C04F79EFBC}") = "Spider_WEIBO", "Spider_WEIBO\Spider_WEIBO.csproj", "{9446C2B1-69CE-402E-A55C-6B06322E3C4A}"
EndProject
Global
	GlobalSection(SolutionConfigurationPlatforms) = preSolution
		Debug|Any CPU = Debug|Any CPU
		Debug|x64 = Debug|x64
		Debug|x86 = Debug|x86
		Release|Any CPU = Release|Any CPU
		Release|x64 = Release|x64
		Release|x86 = Release|x86
	EndGlobalSection
	GlobalSection(ProjectConfigurationPlatforms) = postSolution
		{0038AD1F-66B6-4C7F-861D-B00E79193F8D}.Debug|Any CPU.ActiveCfg = Debug|Any CPU
		{0038AD1F-66B6-4C7F-861D-B00E79193F8D}.Debug|Any CPU.Build.0 = Debug|Any CPU
		{0038AD1F-66B6-4C7F-861D-B00E79193F8D}.Debug|x64.ActiveCfg = Debug|Any CPU
		{0038AD1F-66B6-4C7F-861D-B00E79193F8D}.Debug|x64.Build.0 = Debug|Any CPU
		{0038AD1F-66B6-4C7F-861D-B00E79193F8D}.Debug|x86.ActiveCfg = Debug|Any CPU
		{0038AD1F-66B6-4C7F-861D-B00E79193F8D}.Debug|x86.Build.0 = Debug|Any CPU
		{0038AD1F-66B6-4C7F-861D-B00E79193F8D}.Release|Any CPU.ActiveCfg = Release|Any CPU
		{0038AD1F-66B6-4C7F-861D-B00E79193F8D}.Release|Any CPU.Build.0 = Release|Any CPU
		{0038AD1F-66B6-4C7F-861D-B00E79193F8D}.Release|x64.ActiveCfg = Release|Any CPU
		{0038AD1F-66B6-4C7F-861D-B00E79193F8D}.Release|x64.Build.0 = Release|Any CPU
		{0038AD1F-66B6-4C7F-861D-B00E79193F8D}.Release|x86.ActiveCfg = Release|Any CPU
		{0038AD1F-66B6-4C7F-861D-B00E79193F8D}.Release|x86.Build.0 = Release|Any CPU
		{5F1BC5E1-4F05-469E-9D65-9D59822EC7CD}.Debug|Any CPU.ActiveCfg = Debug|Any CPU
		{5F1BC5E1-4F05-469E-9D65-9D59822EC7CD}.Debug|Any CPU.Build.0 = Debug|Any CPU
		{5F1BC5E1-4F05-469E-9D65-9D59822EC7CD}.Debug|x64.ActiveCfg = Debug|Any CPU
		{5F1BC5E1-4F05-469E-9D65-9D59822EC7CD}.Debug|x64.Build.0 = Debug|Any CPU
		{5F1BC5E1-4F05-469E-9D65-9D59822EC7CD}.Debug|x86.ActiveCfg = Debug|Any CPU
		{5F1BC5E1-4F05-469E-9D65-9D59822EC7CD}.Debug|x86.Build.0 = Debug|Any CPU
		{5F1BC5E1-4F05-469E-9D65-9D59822EC7CD}.Release|Any CPU.ActiveCfg = Release|Any CPU
		{5F1BC5E1-4F05-469E-9D65-9D59822EC7CD}.Release|Any CPU.Build.0 = Release|Any CPU
		{5F1BC5E1-4F05-469E-9D65-9D59822EC7CD}.Release|x64.ActiveCfg = Release|Any CPU
		{5F1BC5E1-4F05-469E-9D65-9D59822EC7CD}.Release|x64.Build.0 = Release|Any CPU
		{5F1BC5E1-4F05-469E-9D65-9D59822EC7CD}.Release|x86.ActiveCfg = Release|Any CPU
		{5F1BC5E1-4F05-469E-9D65-9D59822EC7CD}.Release|x86.Build.0 = Release|Any CPU
		{9446C2B1-69CE-402E-A55C-6B06322E3C4A}.Debug|Any CPU.ActiveCfg = Debug|Any CPU
		{9446C2B1-69CE-402E-A55C-6B06322E3C4A}.Debug|Any CPU.Build.0 = Debug|Any CPU
		{9446C2B1-69CE-402E-A55C-6B06322E3C4A}.Debug|x64.ActiveCfg = Debug|Any CPU
		{9446C2B1-69CE-402E-A55C-6B06322E3C4A}.Debug|x64.Build.0 = Debug|Any CPU
		{9446C2B1-69CE-402E-A55C-6B06322E3C4A}.Debug|x86.ActiveCfg = Debug|Any CPU
		{9446C2B1-69CE-402E-A55C-6B06322E3C4A}.Debug|x86.Build.0 = Debug|Any CPU
		{9446C2B1-69CE-402E-A55C-6B06322E3C4A}.Release|Any CPU.ActiveCfg = Release|Any CPU
		{9446C2B1-69CE-402E-A55C-6B06322E3C4A}.Release|Any CPU.Build.0 = Release|Any CPU
		{9446C2B1-69CE-402E-A55C-6B06322E3C4A}.Release|x64.ActiveCfg = Release|Any CPU
		{9446C2B1-69CE-402E-A55C-6B06322E3C4A}.Release|x64.Build.0 = Release|Any CPU
		{9446C2B1-69CE-402E-A55C-6B06322E3C4A}.Release|x86.ActiveCfg = Release|Any CPU
		{9446C2B1-69CE-402E-A55C-6B06322E3C4A}.Release|x86.Build.0 = Release|Any CPU
	EndGlobalSection
	GlobalSection(SolutionProperties) = preSolution
		HideSolutionNode = FALSE
	EndGlobalSection
	GlobalSection(ExtensibilityGlobals) = postSolution
		SolutionGuid = {25B23639-B115-487B-9EFD-DCBB8B127E3D}
	EndGlobalSection
EndGlobal
