
Microsoft Visual Studio Solution File, Format Version 12.00
# Visual Studio 15
VisualStudioVersion = 15.0.27130.2020
MinimumVisualStudioVersion = 10.0.40219.1
Project("{FAE04EC0-301F-11D3-BF4B-00C04F79EFBC}") = "HT.Spider", "HT.Spider\HT.Spider.csproj", "{4B970DBE-CED4-413C-8A1F-3555C46AE280}"
EndProject
Global
	GlobalSection(SolutionConfigurationPlatforms) = preSolution
		Debug|Any CPU = Debug|Any CPU
		Release|Any CPU = Release|Any CPU
	EndGlobalSection
	GlobalSection(ProjectConfigurationPlatforms) = postSolution
		{4B970DBE-CED4-413C-8A1F-3555C46AE280}.Debug|Any CPU.ActiveCfg = Debug|Any CPU
		{4B970DBE-CED4-413C-8A1F-3555C46AE280}.Debug|Any CPU.Build.0 = Debug|Any CPU
		{4B970DBE-CED4-413C-8A1F-3555C46AE280}.Release|Any CPU.ActiveCfg = Release|Any CPU
		{4B970DBE-CED4-413C-8A1F-3555C46AE280}.Release|Any CPU.Build.0 = Release|Any CPU
	EndGlobalSection
	GlobalSection(SolutionProperties) = preSolution
		HideSolutionNode = FALSE
	EndGlobalSection
	GlobalSection(ExtensibilityGlobals) = postSolution
		SolutionGuid = {9C93D375-0C68-4F7D-8250-072CB1081512}
	EndGlobalSection
EndGlobal
