
Microsoft Visual Studio Solution File, Format Version 12.00
# Visual Studio 15
VisualStudioVersion = 15.0.28010.2050
MinimumVisualStudioVersion = 10.0.40219.1
Project("{FAE04EC0-301F-11D3-BF4B-00C04F79EFBC}") = "MainWin", "MainWin\MainWin.csproj", "{C83AE84E-D09F-47DC-8567-B90CB12BC35A}"
EndProject
Global
	GlobalSection(SolutionConfigurationPlatforms) = preSolution
		Debug|Any CPU = Debug|Any CPU
		Release|Any CPU = Release|Any CPU
	EndGlobalSection
	GlobalSection(ProjectConfigurationPlatforms) = postSolution
		{C83AE84E-D09F-47DC-8567-B90CB12BC35A}.Debug|Any CPU.ActiveCfg = Debug|Any CPU
		{C83AE84E-D09F-47DC-8567-B90CB12BC35A}.Debug|Any CPU.Build.0 = Debug|Any CPU
		{C83AE84E-D09F-47DC-8567-B90CB12BC35A}.Release|Any CPU.ActiveCfg = Release|Any CPU
		{C83AE84E-D09F-47DC-8567-B90CB12BC35A}.Release|Any CPU.Build.0 = Release|Any CPU
	EndGlobalSection
	GlobalSection(SolutionProperties) = preSolution
		HideSolutionNode = FALSE
	EndGlobalSection
	GlobalSection(ExtensibilityGlobals) = postSolution
		SolutionGuid = {E2AE1B7E-C1BB-4005-B7FE-971A80B48D6C}
	EndGlobalSection
EndGlobal
