
Microsoft Visual Studio Solution File, Format Version 12.00
# Visual Studio 15
VisualStudioVersion = 15.0.28010.2050
MinimumVisualStudioVersion = 10.0.40219.1
Project("{FAE04EC0-301F-11D3-BF4B-00C04F79EFBC}") = "WindowsFormsApp1", "WindowsFormsApp1\WindowsFormsApp1.csproj", "{AB627FF0-D90F-4F8C-92A9-42698239E58A}"
EndProject
Project("{FAE04EC0-301F-11D3-BF4B-00C04F79EFBC}") = "Spider_WEIBO", "..\Crawler\Spider_WEIBO\Spider_WEIBO.csproj", "{9446C2B1-69CE-402E-A55C-6B06322E3C4A}"
EndProject
Project("{FAE04EC0-301F-11D3-BF4B-00C04F79EFBC}") = "Spider_ZHIHU", "..\Crawler\Spider_ZHIHU\Spider_ZHIHU.csproj", "{5F1BC5E1-4F05-469E-9D65-9D59822EC7CD}"
EndProject
Project("{FAE04EC0-301F-11D3-BF4B-00C04F79EFBC}") = "Spider_HUPU", "..\Crawler\Spiders\Spider_HUPU.csproj", "{0038AD1F-66B6-4C7F-861D-B00E79193F8D}"
EndProject
Global
	GlobalSection(SolutionConfigurationPlatforms) = preSolution
		Debug|Any CPU = Debug|Any CPU
		Release|Any CPU = Release|Any CPU
	EndGlobalSection
	GlobalSection(ProjectConfigurationPlatforms) = postSolution
		{AB627FF0-D90F-4F8C-92A9-42698239E58A}.Debug|Any CPU.ActiveCfg = Debug|Any CPU
		{AB627FF0-D90F-4F8C-92A9-42698239E58A}.Debug|Any CPU.Build.0 = Debug|Any CPU
		{AB627FF0-D90F-4F8C-92A9-42698239E58A}.Release|Any CPU.ActiveCfg = Release|Any CPU
		{AB627FF0-D90F-4F8C-92A9-42698239E58A}.Release|Any CPU.Build.0 = Release|Any CPU
		{9446C2B1-69CE-402E-A55C-6B06322E3C4A}.Debug|Any CPU.ActiveCfg = Debug|Any CPU
		{9446C2B1-69CE-402E-A55C-6B06322E3C4A}.Debug|Any CPU.Build.0 = Debug|Any CPU
		{9446C2B1-69CE-402E-A55C-6B06322E3C4A}.Release|Any CPU.ActiveCfg = Release|Any CPU
		{9446C2B1-69CE-402E-A55C-6B06322E3C4A}.Release|Any CPU.Build.0 = Release|Any CPU
		{5F1BC5E1-4F05-469E-9D65-9D59822EC7CD}.Debug|Any CPU.ActiveCfg = Debug|Any CPU
		{5F1BC5E1-4F05-469E-9D65-9D59822EC7CD}.Debug|Any CPU.Build.0 = Debug|Any CPU
		{5F1BC5E1-4F05-469E-9D65-9D59822EC7CD}.Release|Any CPU.ActiveCfg = Release|Any CPU
		{5F1BC5E1-4F05-469E-9D65-9D59822EC7CD}.Release|Any CPU.Build.0 = Release|Any CPU
		{0038AD1F-66B6-4C7F-861D-B00E79193F8D}.Debug|Any CPU.ActiveCfg = Debug|Any CPU
		{0038AD1F-66B6-4C7F-861D-B00E79193F8D}.Debug|Any CPU.Build.0 = Debug|Any CPU
		{0038AD1F-66B6-4C7F-861D-B00E79193F8D}.Release|Any CPU.ActiveCfg = Release|Any CPU
		{0038AD1F-66B6-4C7F-861D-B00E79193F8D}.Release|Any CPU.Build.0 = Release|Any CPU
	EndGlobalSection
	GlobalSection(SolutionProperties) = preSolution
		HideSolutionNode = FALSE
	EndGlobalSection
	GlobalSection(ExtensibilityGlobals) = postSolution
		SolutionGuid = {E2AE1B7E-C1BB-4005-B7FE-971A80B48D6C}
	EndGlobalSection
EndGlobal
